
Microsoft Visual Studio Solution File, Format Version 12.00
# Visual Studio Version 17
VisualStudioVersion = 17.11.35222.181
MinimumVisualStudioVersion = 10.0.40219.1
Project("{9A19103F-16F7-4668-BE54-9A1E7A4F7556}") = "PrimalLike", "PrimalLike\PrimalLike.csproj", "{95D737F7-5E7A-4272-92B1-9A37580ABC18}"
EndProject
Project("{9A19103F-16F7-4668-BE54-9A1E7A4F7556}") = "WindowsPlatform", "Platforms\WindowsPlatform\WindowsPlatform.csproj", "{4240C07D-E053-43CB-8BD3-3B7E620A6315}"
EndProject
Project("{2150E333-8FDC-42A3-9474-1A3956D46DE8}") = "Platforms", "Platforms", "{F5041A7E-72FE-4327-B0A8-3D6E92B9DDB8}"
EndProject
Project("{2150E333-8FDC-42A3-9474-1A3956D46DE8}") = "Samples", "Samples", "{95D6A2EB-0723-4631-996D-FFCD9D9F037B}"
EndProject
Project("{2150E333-8FDC-42A3-9474-1A3956D46DE8}") = "Libs", "Libs", "{6A088319-DF12-449D-9F9D-6435A61DF59B}"
EndProject
Project("{9A19103F-16F7-4668-BE54-9A1E7A4F7556}") = "Direct3D12", "Libs\Direct3D12\Direct3D12.csproj", "{B3F9E33D-0F05-40EC-9BC1-E9E86530C57A}"
EndProject
Project("{9A19103F-16F7-4668-BE54-9A1E7A4F7556}") = "DX12Windows", "Samples\DX12Windows\DX12Windows.csproj", "{FEB31477-9B5F-4805-AF4F-DD577B548C67}"
EndProject
Project("{2150E333-8FDC-42A3-9474-1A3956D46DE8}") = "Tests", "Tests", "{EFF65604-E5ED-48D6-8895-3CAAFBD72457}"
EndProject
Project("{9A19103F-16F7-4668-BE54-9A1E7A4F7556}") = "PrimalLikeTests", "Tests\PrimalLikeTests\PrimalLikeTests.csproj", "{182604A7-B9A1-4F8D-B188-90A2A144C1A6}"
EndProject
Project("{9A19103F-16F7-4668-BE54-9A1E7A4F7556}") = "PrimalLikeDLL", "PrimalLikeDLL\PrimalLikeDLL.csproj", "{B3B46339-FE8E-4FA8-B7EF-A61237BF21B1}"
EndProject
Project("{2150E333-8FDC-42A3-9474-1A3956D46DE8}") = "Tools", "Tools", "{80B26C20-E545-4CE3-973C-F002D616E3B9}"
EndProject
Project("{FAE04EC0-301F-11D3-BF4B-00C04F79EFBC}") = "ContentTools", "Tools\ContentTools\ContentTools.csproj", "{674D2F94-0214-4871-9F51-3E3EF9FB089C}"
EndProject
Project("{FAE04EC0-301F-11D3-BF4B-00C04F79EFBC}") = "AssetsImporter", "Tools\AssetsImporter\AssetsImporter.csproj", "{EA43D06F-7230-468B-B8D9-3F9C0C4F4525}"
EndProject
Project("{2150E333-8FDC-42A3-9474-1A3956D46DE8}") = "Assets", "Assets", "{53D3EA94-812F-43BD-A112-FDEEF8B328A1}"
	ProjectSection(SolutionItems) = preProject
		Assets\humvee.jpg = Assets\humvee.jpg
		Assets\humvee.mtl = Assets\humvee.mtl
		Assets\humvee.obj = Assets\humvee.obj
		Assets\m24.dae = Assets\m24.dae
		Assets\m24.dds = Assets\m24.dds
		Assets\ToyTank.fbx = Assets\ToyTank.fbx
	EndProjectSection
EndProject
Project("{FAE04EC0-301F-11D3-BF4B-00C04F79EFBC}") = "D3D12LibTests", "Tests\D3D12LibTests\D3D12LibTests.csproj", "{FCC73F6A-E687-4440-B20A-A50E9C99F40D}"
EndProject
Project("{FAE04EC0-301F-11D3-BF4B-00C04F79EFBC}") = "Utilities", "Libs\Utilities\Utilities.csproj", "{2A1F2C5A-ABB7-446A-B3F8-1A6B2D7A5CCA}"
EndProject
Project("{FAE04EC0-301F-11D3-BF4B-00C04F79EFBC}") = "UtilitiesTests", "Tests\UtilitiesTests\UtilitiesTests.csproj", "{93366744-3E40-4F02-B3FE-10C09624FF3B}"
EndProject
Project("{FAE04EC0-301F-11D3-BF4B-00C04F79EFBC}") = "Native32", "Platforms\Native32\Native32.csproj", "{EC81A9C2-7541-496C-B5AF-0849298800A5}"
EndProject
Project("{FAE04EC0-301F-11D3-BF4B-00C04F79EFBC}") = "TexturesImporter", "Tools\TexturesImporter\TexturesImporter.csproj", "{30ECC390-82F5-651D-1315-D4F29BBB245F}"
EndProject
Project("{FAE04EC0-301F-11D3-BF4B-00C04F79EFBC}") = "ContentToolsTests", "Tests\ContentToolsTests\ContentToolsTests.csproj", "{5095B67A-9F5D-AB8B-558F-0EBFA64477EB}"
EndProject
Project("{2150E333-8FDC-42A3-9474-1A3956D46DE8}") = "EnvMaps", "EnvMaps", "{02EA681E-C7D8-13C7-8484-4AC65E1B71E8}"
	ProjectSection(SolutionItems) = preProject
		Assets\belfast_sunset_puresky_4k.hdr = Assets\belfast_sunset_puresky_4k.hdr
		Assets\kloofendal_48d_partly_cloudy_puresky_4k.hdr = Assets\kloofendal_48d_partly_cloudy_puresky_4k.hdr
		Assets\qwantani_moon_noon_puresky_4k.hdr = Assets\qwantani_moon_noon_puresky_4k.hdr
		Assets\sunny_rose_garden_4k.hdr = Assets\sunny_rose_garden_4k.hdr
	EndProjectSection
EndProject
Global
	GlobalSection(SolutionConfigurationPlatforms) = preSolution
		Debug|Any CPU = Debug|Any CPU
		DebugEditor|Any CPU = DebugEditor|Any CPU
		Release|Any CPU = Release|Any CPU
		ReleaseEditor|Any CPU = ReleaseEditor|Any CPU
	EndGlobalSection
	GlobalSection(ProjectConfigurationPlatforms) = postSolution
		{95D737F7-5E7A-4272-92B1-9A37580ABC18}.Debug|Any CPU.ActiveCfg = Debug|Any CPU
		{95D737F7-5E7A-4272-92B1-9A37580ABC18}.Debug|Any CPU.Build.0 = Debug|Any CPU
		{95D737F7-5E7A-4272-92B1-9A37580ABC18}.DebugEditor|Any CPU.ActiveCfg = DebugEditor|Any CPU
		{95D737F7-5E7A-4272-92B1-9A37580ABC18}.DebugEditor|Any CPU.Build.0 = DebugEditor|Any CPU
		{95D737F7-5E7A-4272-92B1-9A37580ABC18}.Release|Any CPU.ActiveCfg = Release|Any CPU
		{95D737F7-5E7A-4272-92B1-9A37580ABC18}.Release|Any CPU.Build.0 = Release|Any CPU
		{95D737F7-5E7A-4272-92B1-9A37580ABC18}.ReleaseEditor|Any CPU.ActiveCfg = ReleaseEditor|Any CPU
		{95D737F7-5E7A-4272-92B1-9A37580ABC18}.ReleaseEditor|Any CPU.Build.0 = ReleaseEditor|Any CPU
		{4240C07D-E053-43CB-8BD3-3B7E620A6315}.Debug|Any CPU.ActiveCfg = Debug|Any CPU
		{4240C07D-E053-43CB-8BD3-3B7E620A6315}.Debug|Any CPU.Build.0 = Debug|Any CPU
		{4240C07D-E053-43CB-8BD3-3B7E620A6315}.DebugEditor|Any CPU.ActiveCfg = DebugEditor|Any CPU
		{4240C07D-E053-43CB-8BD3-3B7E620A6315}.DebugEditor|Any CPU.Build.0 = DebugEditor|Any CPU
		{4240C07D-E053-43CB-8BD3-3B7E620A6315}.Release|Any CPU.ActiveCfg = Release|Any CPU
		{4240C07D-E053-43CB-8BD3-3B7E620A6315}.Release|Any CPU.Build.0 = Release|Any CPU
		{4240C07D-E053-43CB-8BD3-3B7E620A6315}.ReleaseEditor|Any CPU.ActiveCfg = ReleaseEditor|Any CPU
		{4240C07D-E053-43CB-8BD3-3B7E620A6315}.ReleaseEditor|Any CPU.Build.0 = ReleaseEditor|Any CPU
		{B3F9E33D-0F05-40EC-9BC1-E9E86530C57A}.Debug|Any CPU.ActiveCfg = Debug|Any CPU
		{B3F9E33D-0F05-40EC-9BC1-E9E86530C57A}.Debug|Any CPU.Build.0 = Debug|Any CPU
		{B3F9E33D-0F05-40EC-9BC1-E9E86530C57A}.DebugEditor|Any CPU.ActiveCfg = DebugEditor|Any CPU
		{B3F9E33D-0F05-40EC-9BC1-E9E86530C57A}.DebugEditor|Any CPU.Build.0 = DebugEditor|Any CPU
		{B3F9E33D-0F05-40EC-9BC1-E9E86530C57A}.Release|Any CPU.ActiveCfg = Release|Any CPU
		{B3F9E33D-0F05-40EC-9BC1-E9E86530C57A}.Release|Any CPU.Build.0 = Release|Any CPU
		{B3F9E33D-0F05-40EC-9BC1-E9E86530C57A}.ReleaseEditor|Any CPU.ActiveCfg = ReleaseEditor|Any CPU
		{B3F9E33D-0F05-40EC-9BC1-E9E86530C57A}.ReleaseEditor|Any CPU.Build.0 = ReleaseEditor|Any CPU
		{FEB31477-9B5F-4805-AF4F-DD577B548C67}.Debug|Any CPU.ActiveCfg = Debug|Any CPU
		{FEB31477-9B5F-4805-AF4F-DD577B548C67}.Debug|Any CPU.Build.0 = Debug|Any CPU
		{FEB31477-9B5F-4805-AF4F-DD577B548C67}.DebugEditor|Any CPU.ActiveCfg = DebugEditor|Any CPU
		{FEB31477-9B5F-4805-AF4F-DD577B548C67}.DebugEditor|Any CPU.Build.0 = DebugEditor|Any CPU
		{FEB31477-9B5F-4805-AF4F-DD577B548C67}.Release|Any CPU.ActiveCfg = Release|Any CPU
		{FEB31477-9B5F-4805-AF4F-DD577B548C67}.Release|Any CPU.Build.0 = Release|Any CPU
		{FEB31477-9B5F-4805-AF4F-DD577B548C67}.ReleaseEditor|Any CPU.ActiveCfg = ReleaseEditor|Any CPU
		{FEB31477-9B5F-4805-AF4F-DD577B548C67}.ReleaseEditor|Any CPU.Build.0 = ReleaseEditor|Any CPU
		{182604A7-B9A1-4F8D-B188-90A2A144C1A6}.Debug|Any CPU.ActiveCfg = Debug|Any CPU
		{182604A7-B9A1-4F8D-B188-90A2A144C1A6}.Debug|Any CPU.Build.0 = Debug|Any CPU
		{182604A7-B9A1-4F8D-B188-90A2A144C1A6}.DebugEditor|Any CPU.ActiveCfg = DebugEditor|Any CPU
		{182604A7-B9A1-4F8D-B188-90A2A144C1A6}.DebugEditor|Any CPU.Build.0 = DebugEditor|Any CPU
		{182604A7-B9A1-4F8D-B188-90A2A144C1A6}.Release|Any CPU.ActiveCfg = Release|Any CPU
		{182604A7-B9A1-4F8D-B188-90A2A144C1A6}.Release|Any CPU.Build.0 = Release|Any CPU
		{182604A7-B9A1-4F8D-B188-90A2A144C1A6}.ReleaseEditor|Any CPU.ActiveCfg = ReleaseEditor|Any CPU
		{182604A7-B9A1-4F8D-B188-90A2A144C1A6}.ReleaseEditor|Any CPU.Build.0 = ReleaseEditor|Any CPU
		{B3B46339-FE8E-4FA8-B7EF-A61237BF21B1}.Debug|Any CPU.ActiveCfg = Debug|Any CPU
		{B3B46339-FE8E-4FA8-B7EF-A61237BF21B1}.Debug|Any CPU.Build.0 = Debug|Any CPU
		{B3B46339-FE8E-4FA8-B7EF-A61237BF21B1}.DebugEditor|Any CPU.ActiveCfg = DebugEditor|Any CPU
		{B3B46339-FE8E-4FA8-B7EF-A61237BF21B1}.DebugEditor|Any CPU.Build.0 = DebugEditor|Any CPU
		{B3B46339-FE8E-4FA8-B7EF-A61237BF21B1}.Release|Any CPU.ActiveCfg = Release|Any CPU
		{B3B46339-FE8E-4FA8-B7EF-A61237BF21B1}.Release|Any CPU.Build.0 = Release|Any CPU
		{B3B46339-FE8E-4FA8-B7EF-A61237BF21B1}.ReleaseEditor|Any CPU.ActiveCfg = ReleaseEditor|Any CPU
		{B3B46339-FE8E-4FA8-B7EF-A61237BF21B1}.ReleaseEditor|Any CPU.Build.0 = ReleaseEditor|Any CPU
		{674D2F94-0214-4871-9F51-3E3EF9FB089C}.Debug|Any CPU.ActiveCfg = Debug|Any CPU
		{674D2F94-0214-4871-9F51-3E3EF9FB089C}.Debug|Any CPU.Build.0 = Debug|Any CPU
		{674D2F94-0214-4871-9F51-3E3EF9FB089C}.DebugEditor|Any CPU.ActiveCfg = DebugEditor|Any CPU
		{674D2F94-0214-4871-9F51-3E3EF9FB089C}.DebugEditor|Any CPU.Build.0 = DebugEditor|Any CPU
		{674D2F94-0214-4871-9F51-3E3EF9FB089C}.Release|Any CPU.ActiveCfg = Release|Any CPU
		{674D2F94-0214-4871-9F51-3E3EF9FB089C}.Release|Any CPU.Build.0 = Release|Any CPU
		{674D2F94-0214-4871-9F51-3E3EF9FB089C}.ReleaseEditor|Any CPU.ActiveCfg = ReleaseEditor|Any CPU
		{674D2F94-0214-4871-9F51-3E3EF9FB089C}.ReleaseEditor|Any CPU.Build.0 = ReleaseEditor|Any CPU
		{EA43D06F-7230-468B-B8D9-3F9C0C4F4525}.Debug|Any CPU.ActiveCfg = Debug|Any CPU
		{EA43D06F-7230-468B-B8D9-3F9C0C4F4525}.Debug|Any CPU.Build.0 = Debug|Any CPU
		{EA43D06F-7230-468B-B8D9-3F9C0C4F4525}.DebugEditor|Any CPU.ActiveCfg = DebugEditor|Any CPU
		{EA43D06F-7230-468B-B8D9-3F9C0C4F4525}.DebugEditor|Any CPU.Build.0 = DebugEditor|Any CPU
		{EA43D06F-7230-468B-B8D9-3F9C0C4F4525}.Release|Any CPU.ActiveCfg = Release|Any CPU
		{EA43D06F-7230-468B-B8D9-3F9C0C4F4525}.Release|Any CPU.Build.0 = Release|Any CPU
		{EA43D06F-7230-468B-B8D9-3F9C0C4F4525}.ReleaseEditor|Any CPU.ActiveCfg = ReleaseEditor|Any CPU
		{EA43D06F-7230-468B-B8D9-3F9C0C4F4525}.ReleaseEditor|Any CPU.Build.0 = ReleaseEditor|Any CPU
		{FCC73F6A-E687-4440-B20A-A50E9C99F40D}.Debug|Any CPU.ActiveCfg = Debug|Any CPU
		{FCC73F6A-E687-4440-B20A-A50E9C99F40D}.Debug|Any CPU.Build.0 = Debug|Any CPU
		{FCC73F6A-E687-4440-B20A-A50E9C99F40D}.DebugEditor|Any CPU.ActiveCfg = DebugEditor|Any CPU
		{FCC73F6A-E687-4440-B20A-A50E9C99F40D}.DebugEditor|Any CPU.Build.0 = DebugEditor|Any CPU
		{FCC73F6A-E687-4440-B20A-A50E9C99F40D}.Release|Any CPU.ActiveCfg = Release|Any CPU
		{FCC73F6A-E687-4440-B20A-A50E9C99F40D}.Release|Any CPU.Build.0 = Release|Any CPU
		{FCC73F6A-E687-4440-B20A-A50E9C99F40D}.ReleaseEditor|Any CPU.ActiveCfg = ReleaseEditor|Any CPU
		{FCC73F6A-E687-4440-B20A-A50E9C99F40D}.ReleaseEditor|Any CPU.Build.0 = ReleaseEditor|Any CPU
		{2A1F2C5A-ABB7-446A-B3F8-1A6B2D7A5CCA}.Debug|Any CPU.ActiveCfg = Debug|Any CPU
		{2A1F2C5A-ABB7-446A-B3F8-1A6B2D7A5CCA}.Debug|Any CPU.Build.0 = Debug|Any CPU
		{2A1F2C5A-ABB7-446A-B3F8-1A6B2D7A5CCA}.DebugEditor|Any CPU.ActiveCfg = DebugEditor|Any CPU
		{2A1F2C5A-ABB7-446A-B3F8-1A6B2D7A5CCA}.DebugEditor|Any CPU.Build.0 = DebugEditor|Any CPU
		{2A1F2C5A-ABB7-446A-B3F8-1A6B2D7A5CCA}.Release|Any CPU.ActiveCfg = Release|Any CPU
		{2A1F2C5A-ABB7-446A-B3F8-1A6B2D7A5CCA}.Release|Any CPU.Build.0 = Release|Any CPU
		{2A1F2C5A-ABB7-446A-B3F8-1A6B2D7A5CCA}.ReleaseEditor|Any CPU.ActiveCfg = ReleaseEditor|Any CPU
		{2A1F2C5A-ABB7-446A-B3F8-1A6B2D7A5CCA}.ReleaseEditor|Any CPU.Build.0 = ReleaseEditor|Any CPU
		{93366744-3E40-4F02-B3FE-10C09624FF3B}.Debug|Any CPU.ActiveCfg = Debug|Any CPU
		{93366744-3E40-4F02-B3FE-10C09624FF3B}.Debug|Any CPU.Build.0 = Debug|Any CPU
		{93366744-3E40-4F02-B3FE-10C09624FF3B}.DebugEditor|Any CPU.ActiveCfg = DebugEditor|Any CPU
		{93366744-3E40-4F02-B3FE-10C09624FF3B}.DebugEditor|Any CPU.Build.0 = DebugEditor|Any CPU
		{93366744-3E40-4F02-B3FE-10C09624FF3B}.Release|Any CPU.ActiveCfg = Release|Any CPU
		{93366744-3E40-4F02-B3FE-10C09624FF3B}.Release|Any CPU.Build.0 = Release|Any CPU
		{93366744-3E40-4F02-B3FE-10C09624FF3B}.ReleaseEditor|Any CPU.ActiveCfg = ReleaseEditor|Any CPU
		{93366744-3E40-4F02-B3FE-10C09624FF3B}.ReleaseEditor|Any CPU.Build.0 = ReleaseEditor|Any CPU
		{EC81A9C2-7541-496C-B5AF-0849298800A5}.Debug|Any CPU.ActiveCfg = Debug|Any CPU
		{EC81A9C2-7541-496C-B5AF-0849298800A5}.Debug|Any CPU.Build.0 = Debug|Any CPU
		{EC81A9C2-7541-496C-B5AF-0849298800A5}.DebugEditor|Any CPU.ActiveCfg = DebugEditor|Any CPU
		{EC81A9C2-7541-496C-B5AF-0849298800A5}.DebugEditor|Any CPU.Build.0 = DebugEditor|Any CPU
		{EC81A9C2-7541-496C-B5AF-0849298800A5}.Release|Any CPU.ActiveCfg = Release|Any CPU
		{EC81A9C2-7541-496C-B5AF-0849298800A5}.Release|Any CPU.Build.0 = Release|Any CPU
		{EC81A9C2-7541-496C-B5AF-0849298800A5}.ReleaseEditor|Any CPU.ActiveCfg = ReleaseEditor|Any CPU
		{EC81A9C2-7541-496C-B5AF-0849298800A5}.ReleaseEditor|Any CPU.Build.0 = ReleaseEditor|Any CPU
		{30ECC390-82F5-651D-1315-D4F29BBB245F}.Debug|Any CPU.ActiveCfg = Debug|Any CPU
		{30ECC390-82F5-651D-1315-D4F29BBB245F}.Debug|Any CPU.Build.0 = Debug|Any CPU
		{30ECC390-82F5-651D-1315-D4F29BBB245F}.DebugEditor|Any CPU.ActiveCfg = DebugEditor|Any CPU
		{30ECC390-82F5-651D-1315-D4F29BBB245F}.DebugEditor|Any CPU.Build.0 = DebugEditor|Any CPU
		{30ECC390-82F5-651D-1315-D4F29BBB245F}.Release|Any CPU.ActiveCfg = Release|Any CPU
		{30ECC390-82F5-651D-1315-D4F29BBB245F}.Release|Any CPU.Build.0 = Release|Any CPU
		{30ECC390-82F5-651D-1315-D4F29BBB245F}.ReleaseEditor|Any CPU.ActiveCfg = ReleaseEditor|Any CPU
		{30ECC390-82F5-651D-1315-D4F29BBB245F}.ReleaseEditor|Any CPU.Build.0 = ReleaseEditor|Any CPU
		{5095B67A-9F5D-AB8B-558F-0EBFA64477EB}.Debug|Any CPU.ActiveCfg = Debug|Any CPU
		{5095B67A-9F5D-AB8B-558F-0EBFA64477EB}.Debug|Any CPU.Build.0 = Debug|Any CPU
		{5095B67A-9F5D-AB8B-558F-0EBFA64477EB}.DebugEditor|Any CPU.ActiveCfg = DebugEditor|Any CPU
		{5095B67A-9F5D-AB8B-558F-0EBFA64477EB}.DebugEditor|Any CPU.Build.0 = DebugEditor|Any CPU
		{5095B67A-9F5D-AB8B-558F-0EBFA64477EB}.Release|Any CPU.ActiveCfg = Release|Any CPU
		{5095B67A-9F5D-AB8B-558F-0EBFA64477EB}.Release|Any CPU.Build.0 = Release|Any CPU
		{5095B67A-9F5D-AB8B-558F-0EBFA64477EB}.ReleaseEditor|Any CPU.ActiveCfg = ReleaseEditor|Any CPU
		{5095B67A-9F5D-AB8B-558F-0EBFA64477EB}.ReleaseEditor|Any CPU.Build.0 = ReleaseEditor|Any CPU
	EndGlobalSection
	GlobalSection(SolutionProperties) = preSolution
		HideSolutionNode = FALSE
	EndGlobalSection
	GlobalSection(NestedProjects) = preSolution
		{4240C07D-E053-43CB-8BD3-3B7E620A6315} = {F5041A7E-72FE-4327-B0A8-3D6E92B9DDB8}
		{B3F9E33D-0F05-40EC-9BC1-E9E86530C57A} = {6A088319-DF12-449D-9F9D-6435A61DF59B}
		{FEB31477-9B5F-4805-AF4F-DD577B548C67} = {95D6A2EB-0723-4631-996D-FFCD9D9F037B}
		{182604A7-B9A1-4F8D-B188-90A2A144C1A6} = {EFF65604-E5ED-48D6-8895-3CAAFBD72457}
		{674D2F94-0214-4871-9F51-3E3EF9FB089C} = {80B26C20-E545-4CE3-973C-F002D616E3B9}
		{EA43D06F-7230-468B-B8D9-3F9C0C4F4525} = {80B26C20-E545-4CE3-973C-F002D616E3B9}
		{FCC73F6A-E687-4440-B20A-A50E9C99F40D} = {EFF65604-E5ED-48D6-8895-3CAAFBD72457}
		{2A1F2C5A-ABB7-446A-B3F8-1A6B2D7A5CCA} = {6A088319-DF12-449D-9F9D-6435A61DF59B}
		{93366744-3E40-4F02-B3FE-10C09624FF3B} = {EFF65604-E5ED-48D6-8895-3CAAFBD72457}
		{EC81A9C2-7541-496C-B5AF-0849298800A5} = {F5041A7E-72FE-4327-B0A8-3D6E92B9DDB8}
		{30ECC390-82F5-651D-1315-D4F29BBB245F} = {80B26C20-E545-4CE3-973C-F002D616E3B9}
		{5095B67A-9F5D-AB8B-558F-0EBFA64477EB} = {EFF65604-E5ED-48D6-8895-3CAAFBD72457}
		{02EA681E-C7D8-13C7-8484-4AC65E1B71E8} = {53D3EA94-812F-43BD-A112-FDEEF8B328A1}
	EndGlobalSection
	GlobalSection(ExtensibilityGlobals) = postSolution
		SolutionGuid = {59432B32-A400-4B62-9614-63EB4A9812E7}
	EndGlobalSection
EndGlobal
